// !$*UTF8*$!
{
	archiveVersion = 1;
	classes = {
	};
	objectVersion = 46;
	objects = {

/* Begin PBXBuildFile section */
		CC6BBB961D9E15C200409BAB /* main.m in Sources */ = {isa = PBXBuildFile; fileRef = CC6BBB951D9E15C200409BAB /* main.m */; };
		CC6BBB991D9E15C200409BAB /* AppDelegate.m in Sources */ = {isa = PBXBuildFile; fileRef = CC6BBB981D9E15C200409BAB /* AppDelegate.m */; };
		CC6BBB9C1D9E15C200409BAB /* FactsViewController.m in Sources */ = {isa = PBXBuildFile; fileRef = CC6BBB9B1D9E15C200409BAB /* FactsViewController.m */; };
		CC6BBBA11D9E15C200409BAB /* Assets.xcassets in Resources */ = {isa = PBXBuildFile; fileRef = CC6BBBA01D9E15C200409BAB /* Assets.xcassets */; };
		CC6BBBA41D9E15C200409BAB /* LaunchScreen.storyboard in Resources */ = {isa = PBXBuildFile; fileRef = CC6BBBA21D9E15C200409BAB /* LaunchScreen.storyboard */; };
		CC6BBBAD1D9E184700409BAB /* FactView.m in Sources */ = {isa = PBXBuildFile; fileRef = CC6BBBAC1D9E184700409BAB /* FactView.m */; };
/* End PBXBuildFile section */

/* Begin PBXFileReference section */
		CC6BBB911D9E15C200409BAB /* CatFacts3.0.app */ = {isa = PBXFileReference; explicitFileType = wrapper.application; includeInIndex = 0; path = CatFacts3.0.app; sourceTree = BUILT_PRODUCTS_DIR; };
		CC6BBB951D9E15C200409BAB /* main.m */ = {isa = PBXFileReference; lastKnownFileType = sourcecode.c.objc; path = main.m; sourceTree = "<group>"; };
		CC6BBB971D9E15C200409BAB /* AppDelegate.h */ = {isa = PBXFileReference; lastKnownFileType = sourcecode.c.h; path = AppDelegate.h; sourceTree = "<group>"; };
		CC6BBB981D9E15C200409BAB /* AppDelegate.m */ = {isa = PBXFileReference; lastKnownFileType = sourcecode.c.objc; path = AppDelegate.m; sourceTree = "<group>"; };
		CC6BBB9A1D9E15C200409BAB /* FactsViewController.h */ = {isa = PBXFileReference; lastKnownFileType = sourcecode.c.h; path = FactsViewController.h; sourceTree = "<group>"; };
		CC6BBB9B1D9E15C200409BAB /* FactsViewController.m */ = {isa = PBXFileReference; lastKnownFileType = sourcecode.c.objc; path = FactsViewController.m; sourceTree = "<group>"; };
		CC6BBBA01D9E15C200409BAB /* Assets.xcassets */ = {isa = PBXFileReference; lastKnownFileType = folder.assetcatalog; path = Assets.xcassets; sourceTree = "<group>"; };
		CC6BBBA31D9E15C200409BAB /* Base */ = {isa = PBXFileReference; lastKnownFileType = file.storyboard; name = Base; path = Base.lproj/LaunchScreen.storyboard; sourceTree = "<group>"; };
		CC6BBBA51D9E15C200409BAB /* Info.plist */ = {isa = PBXFileReference; lastKnownFileType = text.plist.xml; path = Info.plist; sourceTree = "<group>"; };
		CC6BBBAB1D9E184700409BAB /* FactView.h */ = {isa = PBXFileReference; fileEncoding = 4; lastKnownFileType = sourcecode.c.h; path = FactView.h; sourceTree = "<group>"; };
		CC6BBBAC1D9E184700409BAB /* FactView.m */ = {isa = PBXFileReference; fileEncoding = 4; lastKnownFileType = sourcecode.c.objc; path = FactView.m; sourceTree = "<group>"; };
/* End PBXFileReference section */

/* Begin PBXFrameworksBuildPhase section */
		CC6BBB8E1D9E15C200409BAB /* Frameworks */ = {
			isa = PBXFrameworksBuildPhase;
			buildActionMask = 2147483647;
			files = (
			);
			runOnlyForDeploymentPostprocessing = 0;
		};
/* End PBXFrameworksBuildPhase section */

/* Begin PBXGroup section */
		CC6BBB881D9E15C200409BAB = {
			isa = PBXGroup;
			children = (
				CC6BBB931D9E15C200409BAB /* CatFacts3.0 */,
				CC6BBB921D9E15C200409BAB /* Products */,
			);
			sourceTree = "<group>";
		};
		CC6BBB921D9E15C200409BAB /* Products */ = {
			isa = PBXGroup;
			children = (
				CC6BBB911D9E15C200409BAB /* CatFacts3.0.app */,
			);
			name = Products;
			sourceTree = "<group>";
		};
		CC6BBB931D9E15C200409BAB /* CatFacts3.0 */ = {
			isa = PBXGroup;
			children = (
				CC6BBB971D9E15C200409BAB /* AppDelegate.h */,
				CC6BBB981D9E15C200409BAB /* AppDelegate.m */,
				CC6BBBAB1D9E184700409BAB /* FactView.h */,
				CC6BBBAC1D9E184700409BAB /* FactView.m */,
				CC6BBB9A1D9E15C200409BAB /* FactsViewController.h */,
				CC6BBB9B1D9E15C200409BAB /* FactsViewController.m */,
				CC6BBBA01D9E15C200409BAB /* Assets.xcassets */,
				CC6BBBA21D9E15C200409BAB /* LaunchScreen.storyboard */,
				CC6BBBA51D9E15C200409BAB /* Info.plist */,
				CC6BBB941D9E15C200409BAB /* Supporting Files */,
			);
			path = CatFacts3.0;
			sourceTree = "<group>";
		};
		CC6BBB941D9E15C200409BAB /* Supporting Files */ = {
			isa = PBXGroup;
			children = (
				CC6BBB951D9E15C200409BAB /* main.m */,
			);
			name = "Supporting Files";
			sourceTree = "<group>";
		};
/* End PBXGroup section */

/* Begin PBXNativeTarget section */
		CC6BBB901D9E15C200409BAB /* CatFacts3.0 */ = {
			isa = PBXNativeTarget;
			buildConfigurationList = CC6BBBA81D9E15C200409BAB /* Build configuration list for PBXNativeTarget "CatFacts3.0" */;
			buildPhases = (
				CC6BBB8D1D9E15C200409BAB /* Sources */,
				CC6BBB8E1D9E15C200409BAB /* Frameworks */,
				CC6BBB8F1D9E15C200409BAB /* Resources */,
			);
			buildRules = (
			);
			dependencies = (
			);
			name = CatFacts3.0;
			productName = CatFacts3.0;
			productReference = CC6BBB911D9E15C200409BAB /* CatFacts3.0.app */;
			productType = "com.apple.product-type.application";
		};
/* End PBXNativeTarget section */

/* Begin PBXProject section */
		CC6BBB891D9E15C200409BAB /* Project object */ = {
			isa = PBXProject;
			attributes = {
				LastUpgradeCheck = 0800;
				ORGANIZATIONNAME = RachelDorn;
				TargetAttributes = {
					CC6BBB901D9E15C200409BAB = {
						CreatedOnToolsVersion = 8.0;
						DevelopmentTeam = 549743G9UM;
						ProvisioningStyle = Manual;
					};
				};
			};
			buildConfigurationList = CC6BBB8C1D9E15C200409BAB /* Build configuration list for PBXProject "CatFacts3.0" */;
			compatibilityVersion = "Xcode 3.2";
			developmentRegion = English;
			hasScannedForEncodings = 0;
			knownRegions = (
				en,
				Base,
			);
			mainGroup = CC6BBB881D9E15C200409BAB;
			productRefGroup = CC6BBB921D9E15C200409BAB /* Products */;
			projectDirPath = "";
			projectRoot = "";
			targets = (
				CC6BBB901D9E15C200409BAB /* CatFacts3.0 */,
			);
		};
/* End PBXProject section */

/* Begin PBXResourcesBuildPhase section */
		CC6BBB8F1D9E15C200409BAB /* Resources */ = {
			isa = PBXResourcesBuildPhase;
			buildActionMask = 2147483647;
			files = (
				CC6BBBA41D9E15C200409BAB /* LaunchScreen.storyboard in Resources */,
				CC6BBBA11D9E15C200409BAB /* Assets.xcassets in Resources */,
			);
			runOnlyForDeploymentPostprocessing = 0;
		};
/* End PBXResourcesBuildPhase section */

/* Begin PBXSourcesBuildPhase section */
		CC6BBB8D1D9E15C200409BAB /* Sources */ = {
			isa = PBXSourcesBuildPhase;
			buildActionMask = 2147483647;
			files = (
				CC6BBB9C1D9E15C200409BAB /* FactsViewController.m in Sources */,
				CC6BBB991D9E15C200409BAB /* AppDelegate.m in Sources */,
				CC6BBBAD1D9E184700409BAB /* FactView.m in Sources */,
				CC6BBB961D9E15C200409BAB /* main.m in Sources */,
			);
			runOnlyForDeploymentPostprocessing = 0;
		};
/* End PBXSourcesBuildPhase section */

/* Begin PBXVariantGroup section */
		CC6BBBA21D9E15C200409BAB /* LaunchScreen.storyboard */ = {
			isa = PBXVariantGroup;
			children = (
				CC6BBBA31D9E15C200409BAB /* Base */,
			);
			name = LaunchScreen.storyboard;
			sourceTree = "<group>";
		};
/* End PBXVariantGroup section */

/* Begin XCBuildConfiguration section */
		CC6BBBA61D9E15C200409BAB /* Debug */ = {
			isa = XCBuildConfiguration;
			buildSettings = {
				ALWAYS_SEARCH_USER_PATHS = NO;
				CLANG_ANALYZER_NONNULL = YES;
				CLANG_CXX_LANGUAGE_STANDARD = "gnu++0x";
				CLANG_CXX_LIBRARY = "libc++";
				CLANG_ENABLE_MODULES = YES;
				CLANG_ENABLE_OBJC_ARC = YES;
				CLANG_WARN_BOOL_CONVERSION = YES;
				CLANG_WARN_CONSTANT_CONVERSION = YES;
				CLANG_WARN_DIRECT_OBJC_ISA_USAGE = YES_ERROR;
				CLANG_WARN_DOCUMENTATION_COMMENTS = YES;
				CLANG_WARN_EMPTY_BODY = YES;
				CLANG_WARN_ENUM_CONVERSION = YES;
				CLANG_WARN_INFINITE_RECURSION = YES;
				CLANG_WARN_INT_CONVERSION = YES;
				CLANG_WARN_OBJC_ROOT_CLASS = YES_ERROR;
				CLANG_WARN_SUSPICIOUS_MOVES = YES;
				CLANG_WARN_UNREACHABLE_CODE = YES;
				CLANG_WARN__DUPLICATE_METHOD_MATCH = YES;
				"CODE_SIGN_IDENTITY[sdk=iphoneos*]" = "iPhone Developer";
				COPY_PHASE_STRIP = NO;
				DEBUG_INFORMATION_FORMAT = dwarf;
				ENABLE_STRICT_OBJC_MSGSEND = YES;
				ENABLE_TESTABILITY = YES;
				GCC_C_LANGUAGE_STANDARD = gnu99;
				GCC_DYNAMIC_NO_PIC = NO;
				GCC_NO_COMMON_BLOCKS = YES;
				GCC_OPTIMIZATION_LEVEL = 0;
				GCC_PREPROCESSOR_DEFINITIONS = (
					"DEBUG=1",
					"$(inherited)",
				);
				GCC_WARN_64_TO_32_BIT_CONVERSION = YES;
				GCC_WARN_ABOUT_RETURN_TYPE = YES_ERROR;
				GCC_WARN_UNDECLARED_SELECTOR = YES;
				GCC_WARN_UNINITIALIZED_AUTOS = YES_AGGRESSIVE;
				GCC_WARN_UNUSED_FUNCTION = YES;
				GCC_WARN_UNUSED_VARIABLE = YES;
				IPHONEOS_DEPLOYMENT_TARGET = 10.0;
				MTL_ENABLE_DEBUG_INFO = YES;
				ONLY_ACTIVE_ARCH = YES;
				SDKROOT = iphoneos;
			};
			name = Debug;
		};
		CC6BBBA71D9E15C200409BAB /* Release */ = {
			isa = XCBuildConfiguration;
			buildSettings = {
				ALWAYS_SEARCH_USER_PATHS = NO;
				CLANG_ANALYZER_NONNULL = YES;
				CLANG_CXX_LANGUAGE_STANDARD = "gnu++0x";
				CLANG_CXX_LIBRARY = "libc++";
				CLANG_ENABLE_MODULES = YES;
				CLANG_ENABLE_OBJC_ARC = YES;
				CLANG_WARN_BOOL_CONVERSION = YES;
				CLANG_WARN_CONSTANT_CONVERSION = YES;
				CLANG_WARN_DIRECT_OBJC_ISA_USAGE = YES_ERROR;
				CLANG_WARN_DOCUMENTATION_COMMENTS = YES;
				CLANG_WARN_EMPTY_BODY = YES;
				CLANG_WARN_ENUM_CONVERSION = YES;
				CLANG_WARN_INFINITE_RECURSION = YES;
				CLANG_WARN_INT_CONVERSION = YES;
				CLANG_WARN_OBJC_ROOT_CLASS = YES_ERROR;
				CLANG_WARN_SUSPICIOUS_MOVES = YES;
				CLANG_WARN_UNREACHABLE_CODE = YES;
				CLANG_WARN__DUPLICATE_METHOD_MATCH = YES;
				"CODE_SIGN_IDENTITY[sdk=iphoneos*]" = "iPhone Developer";
				COPY_PHASE_STRIP = NO;
				DEBUG_INFORMATION_FORMAT = "dwarf-with-dsym";
				ENABLE_NS_ASSERTIONS = NO;
				ENABLE_STRICT_OBJC_MSGSEND = YES;
				GCC_C_LANGUAGE_STANDARD = gnu99;
				GCC_NO_COMMON_BLOCKS = YES;
				GCC_WARN_64_TO_32_BIT_CONVERSION = YES;
				GCC_WARN_ABOUT_RETURN_TYPE = YES_ERROR;
				GCC_WARN_UNDECLARED_SELECTOR = YES;
				GCC_WARN_UNINITIALIZED_AUTOS = YES_AGGRESSIVE;
				GCC_WARN_UNUSED_FUNCTION = YES;
				GCC_WARN_UNUSED_VARIABLE = YES;
				IPHONEOS_DEPLOYMENT_TARGET = 10.0;
				MTL_ENABLE_DEBUG_INFO = NO;
				SDKROOT = iphoneos;
				VALIDATE_PRODUCT = YES;
			};
			name = Release;
		};
		CC6BBBA91D9E15C200409BAB /* Debug */ = {
			isa = XCBuildConfiguration;
			buildSettings = {
				ASSETCATALOG_COMPILER_APPICON_NAME = AppIcon;
				"CODE_SIGN_IDENTITY[sdk=iphoneos*]" = "iPhone Developer";
				DEVELOPMENT_TEAM = 549743G9UM;
				INFOPLIST_FILE = CatFacts3.0/Info.plist;
				IPHONEOS_DEPLOYMENT_TARGET = 8.0;
				LD_RUNPATH_SEARCH_PATHS = "$(inherited) @executable_path/Frameworks";
				PRODUCT_BUNDLE_IDENTIFIER = com.rachelthedeveloper.CatFacts;
				PRODUCT_NAME = "$(TARGET_NAME)";
				PROVISIONING_PROFILE = "759860b6-205b-42ca-8490-615055db3664";
				PROVISIONING_PROFILE_SPECIFIER = "KittyFacts!";
			};
			name = Debug;
		};
		CC6BBBAA1D9E15C200409BAB /* Release */ = {
			isa = XCBuildConfiguration;
			buildSettings = {
				ASSETCATALOG_COMPILER_APPICON_NAME = AppIcon;
				"CODE_SIGN_IDENTITY[sdk=iphoneos*]" = "iPhone Distribution";
				DEVELOPMENT_TEAM = 549743G9UM;
				INFOPLIST_FILE = CatFacts3.0/Info.plist;
				IPHONEOS_DEPLOYMENT_TARGET = 8.0;
				LD_RUNPATH_SEARCH_PATHS = "$(inherited) @executable_path/Frameworks";
				PRODUCT_BUNDLE_IDENTIFIER = com.rachelthedeveloper.CatFacts;
				PRODUCT_NAME = "$(TARGET_NAME)";
				PROVISIONING_PROFILE = "6e577cc4-e1c5-4a7b-becc-e3fb8466eb7d";
				PROVISIONING_PROFILE_SPECIFIER = KittyFactsProd;
			};
			name = Release;
		};
/* End XCBuildConfiguration section */

/* Begin XCConfigurationList section */
		CC6BBB8C1D9E15C200409BAB /* Build configuration list for PBXProject "CatFacts3.0" */ = {
			isa = XCConfigurationList;
			buildConfigurations = (
				CC6BBBA61D9E15C200409BAB /* Debug */,
				CC6BBBA71D9E15C200409BAB /* Release */,
			);
			defaultConfigurationIsVisible = 0;
			defaultConfigurationName = Release;
		};
		CC6BBBA81D9E15C200409BAB /* Build configuration list for PBXNativeTarget "CatFacts3.0" */ = {
			isa = XCConfigurationList;
			buildConfigurations = (
				CC6BBBA91D9E15C200409BAB /* Debug */,
				CC6BBBAA1D9E15C200409BAB /* Release */,
			);
			defaultConfigurationIsVisible = 0;
			defaultConfigurationName = Release;
		};
/* End XCConfigurationList section */
	};
	rootObject = CC6BBB891D9E15C200409BAB /* Project object */;
}
